
Microsoft Visual Studio Solution File, Format Version 12.00
# Visual Studio Version 17
VisualStudioVersion = 17.12.35527.113
MinimumVisualStudioVersion = 10.0.40219.1
Project("{8BC9CEB8-8B4A-11D0-8D11-00A0C91BC942}") = "WeaverLibrary", "WeaverLibrary.vcxproj", "{CBC33A65-0F8D-46B9-832A-165F7907FE16}"
EndProject
Project("{8BC9CEB8-8B4A-11D0-8D11-00A0C91BC942}") = "WeaverLibraryDemo", "..\WeaverLibraryDemo\WeaverLibraryDemo.vcxproj", "{27741F5D-7249-46AC-A3F3-134A9F863A26}"
EndProject
Global
	GlobalSection(SolutionConfigurationPlatforms) = preSolution
		Debug|x64 = Debug|x64
		Debug|x86 = Debug|x86
		Release|x64 = Release|x64
		Release|x86 = Release|x86
	EndGlobalSection
	GlobalSection(ProjectConfigurationPlatforms) = postSolution
		{CBC33A65-0F8D-46B9-832A-165F7907FE16}.Debug|x64.ActiveCfg = Debug|x64
		{CBC33A65-0F8D-46B9-832A-165F7907FE16}.Debug|x64.Build.0 = Debug|x64
		{CBC33A65-0F8D-46B9-832A-165F7907FE16}.Debug|x86.ActiveCfg = Debug|Win32
		{CBC33A65-0F8D-46B9-832A-165F7907FE16}.Debug|x86.Build.0 = Debug|Win32
		{CBC33A65-0F8D-46B9-832A-165F7907FE16}.Release|x64.ActiveCfg = Release|x64
		{CBC33A65-0F8D-46B9-832A-165F7907FE16}.Release|x64.Build.0 = Release|x64
		{CBC33A65-0F8D-46B9-832A-165F7907FE16}.Release|x86.ActiveCfg = Release|Win32
		{CBC33A65-0F8D-46B9-832A-165F7907FE16}.Release|x86.Build.0 = Release|Win32
		{27741F5D-7249-46AC-A3F3-134A9F863A26}.Debug|x64.ActiveCfg = Debug|x64
		{27741F5D-7249-46AC-A3F3-134A9F863A26}.Debug|x64.Build.0 = Debug|x64
		{27741F5D-7249-46AC-A3F3-134A9F863A26}.Debug|x86.ActiveCfg = Debug|Win32
		{27741F5D-7249-46AC-A3F3-134A9F863A26}.Debug|x86.Build.0 = Debug|Win32
		{27741F5D-7249-46AC-A3F3-134A9F863A26}.Release|x64.ActiveCfg = Release|x64
		{27741F5D-7249-46AC-A3F3-134A9F863A26}.Release|x64.Build.0 = Release|x64
		{27741F5D-7249-46AC-A3F3-134A9F863A26}.Release|x86.ActiveCfg = Release|Win32
		{27741F5D-7249-46AC-A3F3-134A9F863A26}.Release|x86.Build.0 = Release|Win32
	EndGlobalSection
	GlobalSection(SolutionProperties) = preSolution
		HideSolutionNode = FALSE
	EndGlobalSection
EndGlobal
